// !$*UTF8*$!
{
	archiveVersion = 1;
	classes = {
	};
	objectVersion = 56;
	objects = {

/* Begin PBXBuildFile section */
		0FD6B91E29ADCEE600629647 /* AppDelegate.swift in Sources */ = {isa = PBXBuildFile; fileRef = 0FD6B91D29ADCEE600629647 /* AppDelegate.swift */; };
		0FD6B92729ADCEE700629647 /* Assets.xcassets in Resources */ = {isa = PBXBuildFile; fileRef = 0FD6B92629ADCEE700629647 /* Assets.xcassets */; };
		0FD6B92A29ADCEE700629647 /* LaunchScreen.storyboard in Resources */ = {isa = PBXBuildFile; fileRef = 0FD6B92829ADCEE700629647 /* LaunchScreen.storyboard */; };
		0FD6B93629ADCF5F00629647 /* CalculatorViewController.swift in Sources */ = {isa = PBXBuildFile; fileRef = 0FD6B93529ADCF5F00629647 /* CalculatorViewController.swift */; };
		0FD6B93929ADD09D00629647 /* CalculatorButton.swift in Sources */ = {isa = PBXBuildFile; fileRef = 0FD6B93829ADD09D00629647 /* CalculatorButton.swift */; };
		0FD6B93C29ADD43700629647 /* CalculatorInterface.swift in Sources */ = {isa = PBXBuildFile; fileRef = 0FD6B93B29ADD43700629647 /* CalculatorInterface.swift */; };
		0FD6B93E29ADD60A00629647 /* PresentationViewModel.swift in Sources */ = {isa = PBXBuildFile; fileRef = 0FD6B93D29ADD60A00629647 /* PresentationViewModel.swift */; };
/* End PBXBuildFile section */

/* Begin PBXFileReference section */
		0FD6B91A29ADCEE600629647 /* MACalculatorApp.app */ = {isa = PBXFileReference; explicitFileType = wrapper.application; includeInIndex = 0; path = MACalculatorApp.app; sourceTree = BUILT_PRODUCTS_DIR; };
		0FD6B91D29ADCEE600629647 /* AppDelegate.swift */ = {isa = PBXFileReference; lastKnownFileType = sourcecode.swift; path = AppDelegate.swift; sourceTree = "<group>"; };
		0FD6B92629ADCEE700629647 /* Assets.xcassets */ = {isa = PBXFileReference; lastKnownFileType = folder.assetcatalog; path = Assets.xcassets; sourceTree = "<group>"; };
		0FD6B92929ADCEE700629647 /* Base */ = {isa = PBXFileReference; lastKnownFileType = file.storyboard; name = Base; path = Base.lproj/LaunchScreen.storyboard; sourceTree = "<group>"; };
		0FD6B92B29ADCEE700629647 /* Info.plist */ = {isa = PBXFileReference; lastKnownFileType = text.plist.xml; path = Info.plist; sourceTree = "<group>"; };
		0FD6B93529ADCF5F00629647 /* CalculatorViewController.swift */ = {isa = PBXFileReference; lastKnownFileType = sourcecode.swift; path = CalculatorViewController.swift; sourceTree = "<group>"; };
		0FD6B93829ADD09D00629647 /* CalculatorButton.swift */ = {isa = PBXFileReference; lastKnownFileType = sourcecode.swift; path = CalculatorButton.swift; sourceTree = "<group>"; };
		0FD6B93B29ADD43700629647 /* CalculatorInterface.swift */ = {isa = PBXFileReference; lastKnownFileType = sourcecode.swift; path = CalculatorInterface.swift; sourceTree = "<group>"; };
		0FD6B93D29ADD60A00629647 /* PresentationViewModel.swift */ = {isa = PBXFileReference; lastKnownFileType = sourcecode.swift; path = PresentationViewModel.swift; sourceTree = "<group>"; };
/* End PBXFileReference section */

/* Begin PBXFrameworksBuildPhase section */
		0FD6B91729ADCEE600629647 /* Frameworks */ = {
			isa = PBXFrameworksBuildPhase;
			buildActionMask = 2147483647;
			files = (
			);
			runOnlyForDeploymentPostprocessing = 0;
		};
/* End PBXFrameworksBuildPhase section */

/* Begin PBXGroup section */
		0FD6B91129ADCEE600629647 = {
			isa = PBXGroup;
			children = (
				0FD6B91C29ADCEE600629647 /* MACalculatorApp */,
				0FD6B91B29ADCEE600629647 /* Products */,
			);
			sourceTree = "<group>";
		};
		0FD6B91B29ADCEE600629647 /* Products */ = {
			isa = PBXGroup;
			children = (
				0FD6B91A29ADCEE600629647 /* MACalculatorApp.app */,
			);
			name = Products;
			sourceTree = "<group>";
		};
		0FD6B91C29ADCEE600629647 /* MACalculatorApp */ = {
			isa = PBXGroup;
			children = (
				0FD6B93229ADCF2F00629647 /* Main */,
				0FD6B93729ADCFCD00629647 /* ViewModel */,
				0FD6B93329ADCF3500629647 /* View */,
				0FD6B93429ADCF3A00629647 /* View Controller */,
				0FD6B93129ADCF0A00629647 /* Resources */,
				0FD6B92B29ADCEE700629647 /* Info.plist */,
			);
			path = MACalculatorApp;
			sourceTree = "<group>";
		};
		0FD6B93129ADCF0A00629647 /* Resources */ = {
			isa = PBXGroup;
			children = (
				0FD6B92629ADCEE700629647 /* Assets.xcassets */,
				0FD6B92829ADCEE700629647 /* LaunchScreen.storyboard */,
			);
			path = Resources;
			sourceTree = "<group>";
		};
		0FD6B93229ADCF2F00629647 /* Main */ = {
			isa = PBXGroup;
			children = (
				0FD6B91D29ADCEE600629647 /* AppDelegate.swift */,
			);
			path = Main;
			sourceTree = "<group>";
		};
		0FD6B93329ADCF3500629647 /* View */ = {
			isa = PBXGroup;
			children = (
				0FD6B93B29ADD43700629647 /* CalculatorInterface.swift */,
				0FD6B93829ADD09D00629647 /* CalculatorButton.swift */,
			);
			path = View;
			sourceTree = "<group>";
		};
		0FD6B93429ADCF3A00629647 /* View Controller */ = {
			isa = PBXGroup;
			children = (
				0FD6B93529ADCF5F00629647 /* CalculatorViewController.swift */,
			);
			path = "View Controller";
			sourceTree = "<group>";
		};
		0FD6B93729ADCFCD00629647 /* ViewModel */ = {
			isa = PBXGroup;
			children = (
				0FD6B93D29ADD60A00629647 /* PresentationViewModel.swift */,
			);
			path = ViewModel;
			sourceTree = "<group>";
		};
/* End PBXGroup section */

/* Begin PBXNativeTarget section */
		0FD6B91929ADCEE600629647 /* MACalculatorApp */ = {
			isa = PBXNativeTarget;
			buildConfigurationList = 0FD6B92E29ADCEE800629647 /* Build configuration list for PBXNativeTarget "MACalculatorApp" */;
			buildPhases = (
				0FD6B91629ADCEE600629647 /* Sources */,
				0FD6B91729ADCEE600629647 /* Frameworks */,
				0FD6B91829ADCEE600629647 /* Resources */,
			);
			buildRules = (
			);
			dependencies = (
			);
			name = MACalculatorApp;
			productName = MACalculatorApp;
			productReference = 0FD6B91A29ADCEE600629647 /* MACalculatorApp.app */;
			productType = "com.apple.product-type.application";
		};
/* End PBXNativeTarget section */

/* Begin PBXProject section */
		0FD6B91229ADCEE600629647 /* Project object */ = {
			isa = PBXProject;
			attributes = {
				BuildIndependentTargetsInParallel = 1;
				LastSwiftUpdateCheck = 1400;
				LastUpgradeCheck = 1400;
				TargetAttributes = {
					0FD6B91929ADCEE600629647 = {
						CreatedOnToolsVersion = 14.0.1;
					};
				};
			};
			buildConfigurationList = 0FD6B91529ADCEE600629647 /* Build configuration list for PBXProject "MACalculatorApp" */;
			compatibilityVersion = "Xcode 14.0";
			developmentRegion = en;
			hasScannedForEncodings = 0;
			knownRegions = (
				en,
				Base,
			);
			mainGroup = 0FD6B91129ADCEE600629647;
			productRefGroup = 0FD6B91B29ADCEE600629647 /* Products */;
			projectDirPath = "";
			projectRoot = "";
			targets = (
				0FD6B91929ADCEE600629647 /* MACalculatorApp */,
			);
		};
/* End PBXProject section */

/* Begin PBXResourcesBuildPhase section */
		0FD6B91829ADCEE600629647 /* Resources */ = {
			isa = PBXResourcesBuildPhase;
			buildActionMask = 2147483647;
			files = (
				0FD6B92A29ADCEE700629647 /* LaunchScreen.storyboard in Resources */,
				0FD6B92729ADCEE700629647 /* Assets.xcassets in Resources */,
			);
			runOnlyForDeploymentPostprocessing = 0;
		};
/* End PBXResourcesBuildPhase section */

/* Begin PBXSourcesBuildPhase section */
		0FD6B91629ADCEE600629647 /* Sources */ = {
			isa = PBXSourcesBuildPhase;
			buildActionMask = 2147483647;
			files = (
				0FD6B93C29ADD43700629647 /* CalculatorInterface.swift in Sources */,
				0FD6B93629ADCF5F00629647 /* CalculatorViewController.swift in Sources */,
				0FD6B93E29ADD60A00629647 /* PresentationViewModel.swift in Sources */,
				0FD6B93929ADD09D00629647 /* CalculatorButton.swift in Sources */,
				0FD6B91E29ADCEE600629647 /* AppDelegate.swift in Sources */,
			);
			runOnlyForDeploymentPostprocessing = 0;
		};
/* End PBXSourcesBuildPhase section */

/* Begin PBXVariantGroup section */
		0FD6B92829ADCEE700629647 /* LaunchScreen.storyboard */ = {
			isa = PBXVariantGroup;
			children = (
				0FD6B92929ADCEE700629647 /* Base */,
			);
			name = LaunchScreen.storyboard;
			sourceTree = "<group>";
		};
/* End PBXVariantGroup section */

/* Begin XCBuildConfiguration section */
		0FD6B92C29ADCEE700629647 /* Debug */ = {
			isa = XCBuildConfiguration;
			buildSettings = {
				ALWAYS_SEARCH_USER_PATHS = NO;
				CLANG_ANALYZER_NONNULL = YES;
				CLANG_ANALYZER_NUMBER_OBJECT_CONVERSION = YES_AGGRESSIVE;
				CLANG_CXX_LANGUAGE_STANDARD = "gnu++20";
				CLANG_ENABLE_MODULES = YES;
				CLANG_ENABLE_OBJC_ARC = YES;
				CLANG_ENABLE_OBJC_WEAK = YES;
				CLANG_WARN_BLOCK_CAPTURE_AUTORELEASING = YES;
				CLANG_WARN_BOOL_CONVERSION = YES;
				CLANG_WARN_COMMA = YES;
				CLANG_WARN_CONSTANT_CONVERSION = YES;
				CLANG_WARN_DEPRECATED_OBJC_IMPLEMENTATIONS = YES;
				CLANG_WARN_DIRECT_OBJC_ISA_USAGE = YES_ERROR;
				CLANG_WARN_DOCUMENTATION_COMMENTS = YES;
				CLANG_WARN_EMPTY_BODY = YES;
				CLANG_WARN_ENUM_CONVERSION = YES;
				CLANG_WARN_INFINITE_RECURSION = YES;
				CLANG_WARN_INT_CONVERSION = YES;
				CLANG_WARN_NON_LITERAL_NULL_CONVERSION = YES;
				CLANG_WARN_OBJC_IMPLICIT_RETAIN_SELF = YES;
				CLANG_WARN_OBJC_LITERAL_CONVERSION = YES;
				CLANG_WARN_OBJC_ROOT_CLASS = YES_ERROR;
				CLANG_WARN_QUOTED_INCLUDE_IN_FRAMEWORK_HEADER = YES;
				CLANG_WARN_RANGE_LOOP_ANALYSIS = YES;
				CLANG_WARN_STRICT_PROTOTYPES = YES;
				CLANG_WARN_SUSPICIOUS_MOVE = YES;
				CLANG_WARN_UNGUARDED_AVAILABILITY = YES_AGGRESSIVE;
				CLANG_WARN_UNREACHABLE_CODE = YES;
				CLANG_WARN__DUPLICATE_METHOD_MATCH = YES;
				COPY_PHASE_STRIP = NO;
				DEBUG_INFORMATION_FORMAT = dwarf;
				ENABLE_STRICT_OBJC_MSGSEND = YES;
				ENABLE_TESTABILITY = YES;
				GCC_C_LANGUAGE_STANDARD = gnu11;
				GCC_DYNAMIC_NO_PIC = NO;
				GCC_NO_COMMON_BLOCKS = YES;
				GCC_OPTIMIZATION_LEVEL = 0;
				GCC_PREPROCESSOR_DEFINITIONS = (
					"DEBUG=1",
					"$(inherited)",
				);
				GCC_WARN_64_TO_32_BIT_CONVERSION = YES;
				GCC_WARN_ABOUT_RETURN_TYPE = YES_ERROR;
				GCC_WARN_UNDECLARED_SELECTOR = YES;
				GCC_WARN_UNINITIALIZED_AUTOS = YES_AGGRESSIVE;
				GCC_WARN_UNUSED_FUNCTION = YES;
				GCC_WARN_UNUSED_VARIABLE = YES;
				IPHONEOS_DEPLOYMENT_TARGET = 16.0;
				MTL_ENABLE_DEBUG_INFO = INCLUDE_SOURCE;
				MTL_FAST_MATH = YES;
				ONLY_ACTIVE_ARCH = YES;
				SDKROOT = iphoneos;
				SWIFT_ACTIVE_COMPILATION_CONDITIONS = DEBUG;
				SWIFT_OPTIMIZATION_LEVEL = "-Onone";
			};
			name = Debug;
		};
		0FD6B92D29ADCEE800629647 /* Release */ = {
			isa = XCBuildConfiguration;
			buildSettings = {
				ALWAYS_SEARCH_USER_PATHS = NO;
				CLANG_ANALYZER_NONNULL = YES;
				CLANG_ANALYZER_NUMBER_OBJECT_CONVERSION = YES_AGGRESSIVE;
				CLANG_CXX_LANGUAGE_STANDARD = "gnu++20";
				CLANG_ENABLE_MODULES = YES;
				CLANG_ENABLE_OBJC_ARC = YES;
				CLANG_ENABLE_OBJC_WEAK = YES;
				CLANG_WARN_BLOCK_CAPTURE_AUTORELEASING = YES;
				CLANG_WARN_BOOL_CONVERSION = YES;
				CLANG_WARN_COMMA = YES;
				CLANG_WARN_CONSTANT_CONVERSION = YES;
				CLANG_WARN_DEPRECATED_OBJC_IMPLEMENTATIONS = YES;
				CLANG_WARN_DIRECT_OBJC_ISA_USAGE = YES_ERROR;
				CLANG_WARN_DOCUMENTATION_COMMENTS = YES;
				CLANG_WARN_EMPTY_BODY = YES;
				CLANG_WARN_ENUM_CONVERSION = YES;
				CLANG_WARN_INFINITE_RECURSION = YES;
				CLANG_WARN_INT_CONVERSION = YES;
				CLANG_WARN_NON_LITERAL_NULL_CONVERSION = YES;
				CLANG_WARN_OBJC_IMPLICIT_RETAIN_SELF = YES;
				CLANG_WARN_OBJC_LITERAL_CONVERSION = YES;
				CLANG_WARN_OBJC_ROOT_CLASS = YES_ERROR;
				CLANG_WARN_QUOTED_INCLUDE_IN_FRAMEWORK_HEADER = YES;
				CLANG_WARN_RANGE_LOOP_ANALYSIS = YES;
				CLANG_WARN_STRICT_PROTOTYPES = YES;
				CLANG_WARN_SUSPICIOUS_MOVE = YES;
				CLANG_WARN_UNGUARDED_AVAILABILITY = YES_AGGRESSIVE;
				CLANG_WARN_UNREACHABLE_CODE = YES;
				CLANG_WARN__DUPLICATE_METHOD_MATCH = YES;
				COPY_PHASE_STRIP = NO;
				DEBUG_INFORMATION_FORMAT = "dwarf-with-dsym";
				ENABLE_NS_ASSERTIONS = NO;
				ENABLE_STRICT_OBJC_MSGSEND = YES;
				GCC_C_LANGUAGE_STANDARD = gnu11;
				GCC_NO_COMMON_BLOCKS = YES;
				GCC_WARN_64_TO_32_BIT_CONVERSION = YES;
				GCC_WARN_ABOUT_RETURN_TYPE = YES_ERROR;
				GCC_WARN_UNDECLARED_SELECTOR = YES;
				GCC_WARN_UNINITIALIZED_AUTOS = YES_AGGRESSIVE;
				GCC_WARN_UNUSED_FUNCTION = YES;
				GCC_WARN_UNUSED_VARIABLE = YES;
				IPHONEOS_DEPLOYMENT_TARGET = 16.0;
				MTL_ENABLE_DEBUG_INFO = NO;
				MTL_FAST_MATH = YES;
				SDKROOT = iphoneos;
				SWIFT_COMPILATION_MODE = wholemodule;
				SWIFT_OPTIMIZATION_LEVEL = "-O";
				VALIDATE_PRODUCT = YES;
			};
			name = Release;
		};
		0FD6B92F29ADCEE800629647 /* Debug */ = {
			isa = XCBuildConfiguration;
			buildSettings = {
				ASSETCATALOG_COMPILER_APPICON_NAME = AppIcon;
				ASSETCATALOG_COMPILER_GLOBAL_ACCENT_COLOR_NAME = AccentColor;
				"CODE_SIGN_IDENTITY[sdk=iphoneos*]" = "iPhone Developer";
				CODE_SIGN_STYLE = Manual;
				CURRENT_PROJECT_VERSION = 1;
				DEVELOPMENT_TEAM = "";
				"DEVELOPMENT_TEAM[sdk=iphoneos*]" = NUV73DSTTT;
				GENERATE_INFOPLIST_FILE = YES;
				INFOPLIST_FILE = MACalculatorApp/Info.plist;
				INFOPLIST_KEY_UIApplicationSupportsIndirectInputEvents = YES;
				INFOPLIST_KEY_UILaunchStoryboardName = LaunchScreen;
				INFOPLIST_KEY_UIMainStoryboardFile = "";
				INFOPLIST_KEY_UISupportedInterfaceOrientations = "UIInterfaceOrientationLandscapeLeft UIInterfaceOrientationLandscapeRight UIInterfaceOrientationPortrait UIInterfaceOrientationPortraitUpsideDown";
				INFOPLIST_KEY_UISupportedInterfaceOrientations_iPad = "UIInterfaceOrientationPortrait UIInterfaceOrientationPortraitUpsideDown";
				LD_RUNPATH_SEARCH_PATHS = (
					"$(inherited)",
					"@executable_path/Frameworks",
				);
				MARKETING_VERSION = 1.0;
				PRODUCT_BUNDLE_IDENTIFIER = com.rulewithvirtualization.MACalculatorApp;
				PRODUCT_NAME = "$(TARGET_NAME)";
				PROVISIONING_PROFILE_SPECIFIER = "";
				"PROVISIONING_PROFILE_SPECIFIER[sdk=iphoneos*]" = "MACalculatorApp development profile";
				SUPPORTED_PLATFORMS = "iphoneos iphonesimulator";
				SUPPORTS_MACCATALYST = NO;
				SUPPORTS_MAC_DESIGNED_FOR_IPHONE_IPAD = NO;
				SWIFT_EMIT_LOC_STRINGS = YES;
				SWIFT_VERSION = 5.0;
				TARGETED_DEVICE_FAMILY = 1;
			};
			name = Debug;
		};
		0FD6B93029ADCEE800629647 /* Release */ = {
			isa = XCBuildConfiguration;
			buildSettings = {
				ASSETCATALOG_COMPILER_APPICON_NAME = AppIcon;
				ASSETCATALOG_COMPILER_GLOBAL_ACCENT_COLOR_NAME = AccentColor;
				"CODE_SIGN_IDENTITY[sdk=iphoneos*]" = "iPhone Distribution";
				CODE_SIGN_STYLE = Manual;
				CURRENT_PROJECT_VERSION = 1;
				DEVELOPMENT_TEAM = "";
				"DEVELOPMENT_TEAM[sdk=iphoneos*]" = NUV73DSTTT;
				GENERATE_INFOPLIST_FILE = YES;
				INFOPLIST_FILE = MACalculatorApp/Info.plist;
				INFOPLIST_KEY_UIApplicationSupportsIndirectInputEvents = YES;
				INFOPLIST_KEY_UILaunchStoryboardName = LaunchScreen;
				INFOPLIST_KEY_UIMainStoryboardFile = "";
				INFOPLIST_KEY_UISupportedInterfaceOrientations = "UIInterfaceOrientationLandscapeLeft UIInterfaceOrientationLandscapeRight UIInterfaceOrientationPortrait UIInterfaceOrientationPortraitUpsideDown";
				INFOPLIST_KEY_UISupportedInterfaceOrientations_iPad = "UIInterfaceOrientationPortrait UIInterfaceOrientationPortraitUpsideDown";
				LD_RUNPATH_SEARCH_PATHS = (
					"$(inherited)",
					"@executable_path/Frameworks",
				);
				MARKETING_VERSION = 1.0;
				PRODUCT_BUNDLE_IDENTIFIER = com.rulewithvirtualization.MACalculatorApp;
				PRODUCT_NAME = "$(TARGET_NAME)";
				PROVISIONING_PROFILE_SPECIFIER = "";
				"PROVISIONING_PROFILE_SPECIFIER[sdk=iphoneos*]" = "MACalculatorApp Distribution Profile";
				SUPPORTED_PLATFORMS = "iphoneos iphonesimulator";
				SUPPORTS_MACCATALYST = NO;
				SUPPORTS_MAC_DESIGNED_FOR_IPHONE_IPAD = NO;
				SWIFT_EMIT_LOC_STRINGS = YES;
				SWIFT_VERSION = 5.0;
				TARGETED_DEVICE_FAMILY = 1;
			};
			name = Release;
		};
/* End XCBuildConfiguration section */

/* Begin XCConfigurationList section */
		0FD6B91529ADCEE600629647 /* Build configuration list for PBXProject "MACalculatorApp" */ = {
			isa = XCConfigurationList;
			buildConfigurations = (
				0FD6B92C29ADCEE700629647 /* Debug */,
				0FD6B92D29ADCEE800629647 /* Release */,
			);
			defaultConfigurationIsVisible = 0;
			defaultConfigurationName = Release;
		};
		0FD6B92E29ADCEE800629647 /* Build configuration list for PBXNativeTarget "MACalculatorApp" */ = {
			isa = XCConfigurationList;
			buildConfigurations = (
				0FD6B92F29ADCEE800629647 /* Debug */,
				0FD6B93029ADCEE800629647 /* Release */,
			);
			defaultConfigurationIsVisible = 0;
			defaultConfigurationName = Release;
		};
/* End XCConfigurationList section */
	};
	rootObject = 0FD6B91229ADCEE600629647 /* Project object */;
}
